// !$*UTF8*$!
{
	archiveVersion = 1;
	classes = {
	};
	objectVersion = 46;
	objects = {

/* Begin PBXBuildFile section */
		AD7D67CFE9EE4A52919DB015 /* libPods-AquaModel.a in Frameworks */ = {isa = PBXBuildFile; fileRef = 405A56BCC7DE4ACCBA3181E7 /* libPods-AquaModel.a */; };
		D411F24A19A7839500EA2ECF /* Foundation.framework in Frameworks */ = {isa = PBXBuildFile; fileRef = D411F24919A7839500EA2ECF /* Foundation.framework */; };
		D411F24C19A7839500EA2ECF /* CoreGraphics.framework in Frameworks */ = {isa = PBXBuildFile; fileRef = D411F24B19A7839500EA2ECF /* CoreGraphics.framework */; };
		D411F24E19A7839500EA2ECF /* UIKit.framework in Frameworks */ = {isa = PBXBuildFile; fileRef = D411F24D19A7839500EA2ECF /* UIKit.framework */; };
		D411F25419A7839500EA2ECF /* InfoPlist.strings in Resources */ = {isa = PBXBuildFile; fileRef = D411F25219A7839500EA2ECF /* InfoPlist.strings */; };
		D411F25619A7839500EA2ECF /* main.m in Sources */ = {isa = PBXBuildFile; fileRef = D411F25519A7839500EA2ECF /* main.m */; };
		D411F25A19A7839500EA2ECF /* AQMAppDelegate.m in Sources */ = {isa = PBXBuildFile; fileRef = D411F25919A7839500EA2ECF /* AQMAppDelegate.m */; };
		D411F25D19A7839500EA2ECF /* Main.storyboard in Resources */ = {isa = PBXBuildFile; fileRef = D411F25B19A7839500EA2ECF /* Main.storyboard */; };
		D411F26019A7839500EA2ECF /* AQMViewController.m in Sources */ = {isa = PBXBuildFile; fileRef = D411F25F19A7839500EA2ECF /* AQMViewController.m */; };
		D411F26219A7839500EA2ECF /* Images.xcassets in Resources */ = {isa = PBXBuildFile; fileRef = D411F26119A7839500EA2ECF /* Images.xcassets */; };
		D411F26919A7839500EA2ECF /* XCTest.framework in Frameworks */ = {isa = PBXBuildFile; fileRef = D411F26819A7839500EA2ECF /* XCTest.framework */; };
		D411F26A19A7839500EA2ECF /* Foundation.framework in Frameworks */ = {isa = PBXBuildFile; fileRef = D411F24919A7839500EA2ECF /* Foundation.framework */; };
		D411F26B19A7839500EA2ECF /* UIKit.framework in Frameworks */ = {isa = PBXBuildFile; fileRef = D411F24D19A7839500EA2ECF /* UIKit.framework */; };
		D411F27319A7839500EA2ECF /* InfoPlist.strings in Resources */ = {isa = PBXBuildFile; fileRef = D411F27119A7839500EA2ECF /* InfoPlist.strings */; };
		D411F27519A7839500EA2ECF /* AquaModelTests.m in Sources */ = {isa = PBXBuildFile; fileRef = D411F27419A7839500EA2ECF /* AquaModelTests.m */; };
		D411F28119A7848D00EA2ECF /* AQMModel.m in Sources */ = {isa = PBXBuildFile; fileRef = D411F28019A7848D00EA2ECF /* AQMModel.m */; };
		D411F28719A7944C00EA2ECF /* AQMValidator.m in Sources */ = {isa = PBXBuildFile; fileRef = D411F28619A7944C00EA2ECF /* AQMValidator.m */; };
		D9B8265D730E4D468D664C0E /* libPods-AquaModelTests.a in Frameworks */ = {isa = PBXBuildFile; fileRef = 480082D06E27491497B60057 /* libPods-AquaModelTests.a */; };
/* End PBXBuildFile section */

/* Begin PBXContainerItemProxy section */
		D411F26C19A7839500EA2ECF /* PBXContainerItemProxy */ = {
			isa = PBXContainerItemProxy;
			containerPortal = D411F23E19A7839500EA2ECF /* Project object */;
			proxyType = 1;
			remoteGlobalIDString = D411F24519A7839500EA2ECF;
			remoteInfo = AquaModel;
		};
/* End PBXContainerItemProxy section */

/* Begin PBXFileReference section */
		094F1833ECAD4FA1AD8F5901 /* Pods-AquaModel.xcconfig */ = {isa = PBXFileReference; includeInIndex = 1; lastKnownFileType = text.xcconfig; name = "Pods-AquaModel.xcconfig"; path = "Pods/Pods-AquaModel.xcconfig"; sourceTree = "<group>"; };
		405A56BCC7DE4ACCBA3181E7 /* libPods-AquaModel.a */ = {isa = PBXFileReference; explicitFileType = archive.ar; includeInIndex = 0; path = "libPods-AquaModel.a"; sourceTree = BUILT_PRODUCTS_DIR; };
		480082D06E27491497B60057 /* libPods-AquaModelTests.a */ = {isa = PBXFileReference; explicitFileType = archive.ar; includeInIndex = 0; path = "libPods-AquaModelTests.a"; sourceTree = BUILT_PRODUCTS_DIR; };
		B6CC7F9070254E398E696F40 /* Pods-AquaModelTests.xcconfig */ = {isa = PBXFileReference; includeInIndex = 1; lastKnownFileType = text.xcconfig; name = "Pods-AquaModelTests.xcconfig"; path = "Pods/Pods-AquaModelTests.xcconfig"; sourceTree = "<group>"; };
		D411F24619A7839500EA2ECF /* AquaModel.app */ = {isa = PBXFileReference; explicitFileType = wrapper.application; includeInIndex = 0; path = AquaModel.app; sourceTree = BUILT_PRODUCTS_DIR; };
		D411F24919A7839500EA2ECF /* Foundation.framework */ = {isa = PBXFileReference; lastKnownFileType = wrapper.framework; name = Foundation.framework; path = System/Library/Frameworks/Foundation.framework; sourceTree = SDKROOT; };
		D411F24B19A7839500EA2ECF /* CoreGraphics.framework */ = {isa = PBXFileReference; lastKnownFileType = wrapper.framework; name = CoreGraphics.framework; path = System/Library/Frameworks/CoreGraphics.framework; sourceTree = SDKROOT; };
		D411F24D19A7839500EA2ECF /* UIKit.framework */ = {isa = PBXFileReference; lastKnownFileType = wrapper.framework; name = UIKit.framework; path = System/Library/Frameworks/UIKit.framework; sourceTree = SDKROOT; };
		D411F25119A7839500EA2ECF /* AquaModel-Info.plist */ = {isa = PBXFileReference; lastKnownFileType = text.plist.xml; path = "AquaModel-Info.plist"; sourceTree = "<group>"; };
		D411F25319A7839500EA2ECF /* en */ = {isa = PBXFileReference; lastKnownFileType = text.plist.strings; name = en; path = en.lproj/InfoPlist.strings; sourceTree = "<group>"; };
		D411F25519A7839500EA2ECF /* main.m */ = {isa = PBXFileReference; lastKnownFileType = sourcecode.c.objc; path = main.m; sourceTree = "<group>"; };
		D411F25719A7839500EA2ECF /* AquaModel-Prefix.pch */ = {isa = PBXFileReference; lastKnownFileType = sourcecode.c.h; path = "AquaModel-Prefix.pch"; sourceTree = "<group>"; };
		D411F25819A7839500EA2ECF /* AQMAppDelegate.h */ = {isa = PBXFileReference; lastKnownFileType = sourcecode.c.h; path = AQMAppDelegate.h; sourceTree = "<group>"; };
		D411F25919A7839500EA2ECF /* AQMAppDelegate.m */ = {isa = PBXFileReference; lastKnownFileType = sourcecode.c.objc; path = AQMAppDelegate.m; sourceTree = "<group>"; };
		D411F25C19A7839500EA2ECF /* Base */ = {isa = PBXFileReference; lastKnownFileType = file.storyboard; name = Base; path = Base.lproj/Main.storyboard; sourceTree = "<group>"; };
		D411F25E19A7839500EA2ECF /* AQMViewController.h */ = {isa = PBXFileReference; lastKnownFileType = sourcecode.c.h; path = AQMViewController.h; sourceTree = "<group>"; };
		D411F25F19A7839500EA2ECF /* AQMViewController.m */ = {isa = PBXFileReference; lastKnownFileType = sourcecode.c.objc; path = AQMViewController.m; sourceTree = "<group>"; };
		D411F26119A7839500EA2ECF /* Images.xcassets */ = {isa = PBXFileReference; lastKnownFileType = folder.assetcatalog; path = Images.xcassets; sourceTree = "<group>"; };
		D411F26719A7839500EA2ECF /* AquaModelTests.xctest */ = {isa = PBXFileReference; explicitFileType = wrapper.cfbundle; includeInIndex = 0; path = AquaModelTests.xctest; sourceTree = BUILT_PRODUCTS_DIR; };
		D411F26819A7839500EA2ECF /* XCTest.framework */ = {isa = PBXFileReference; lastKnownFileType = wrapper.framework; name = XCTest.framework; path = Library/Frameworks/XCTest.framework; sourceTree = DEVELOPER_DIR; };
		D411F27019A7839500EA2ECF /* AquaModelTests-Info.plist */ = {isa = PBXFileReference; lastKnownFileType = text.plist.xml; path = "AquaModelTests-Info.plist"; sourceTree = "<group>"; };
		D411F27219A7839500EA2ECF /* en */ = {isa = PBXFileReference; lastKnownFileType = text.plist.strings; name = en; path = en.lproj/InfoPlist.strings; sourceTree = "<group>"; };
		D411F27419A7839500EA2ECF /* AquaModelTests.m */ = {isa = PBXFileReference; lastKnownFileType = sourcecode.c.objc; path = AquaModelTests.m; sourceTree = "<group>"; };
		D411F27F19A7848D00EA2ECF /* AQMModel.h */ = {isa = PBXFileReference; fileEncoding = 4; lastKnownFileType = sourcecode.c.h; path = AQMModel.h; sourceTree = "<group>"; };
		D411F28019A7848D00EA2ECF /* AQMModel.m */ = {isa = PBXFileReference; fileEncoding = 4; lastKnownFileType = sourcecode.c.objc; path = AQMModel.m; sourceTree = "<group>"; };
		D411F28219A7878700EA2ECF /* AQMRequestable.h */ = {isa = PBXFileReference; lastKnownFileType = sourcecode.c.h; path = AQMRequestable.h; sourceTree = "<group>"; };
		D411F28319A7921B00EA2ECF /* AQMValidatable.h */ = {isa = PBXFileReference; lastKnownFileType = sourcecode.c.h; path = AQMValidatable.h; sourceTree = "<group>"; };
		D411F28419A792D100EA2ECF /* AQMCallbackable.h */ = {isa = PBXFileReference; lastKnownFileType = sourcecode.c.h; path = AQMCallbackable.h; sourceTree = "<group>"; };
		D411F28519A7944C00EA2ECF /* AQMValidator.h */ = {isa = PBXFileReference; fileEncoding = 4; lastKnownFileType = sourcecode.c.h; path = AQMValidator.h; sourceTree = "<group>"; };
		D411F28619A7944C00EA2ECF /* AQMValidator.m */ = {isa = PBXFileReference; fileEncoding = 4; lastKnownFileType = sourcecode.c.objc; path = AQMValidator.m; sourceTree = "<group>"; };
		D411F28819A795CE00EA2ECF /* AQMValueValidator.h */ = {isa = PBXFileReference; lastKnownFileType = sourcecode.c.h; path = AQMValueValidator.h; sourceTree = "<group>"; };
/* End PBXFileReference section */

/* Begin PBXFrameworksBuildPhase section */
		D411F24319A7839500EA2ECF /* Frameworks */ = {
			isa = PBXFrameworksBuildPhase;
			buildActionMask = 2147483647;
			files = (
				D411F24C19A7839500EA2ECF /* CoreGraphics.framework in Frameworks */,
				D411F24E19A7839500EA2ECF /* UIKit.framework in Frameworks */,
				D411F24A19A7839500EA2ECF /* Foundation.framework in Frameworks */,
				AD7D67CFE9EE4A52919DB015 /* libPods-AquaModel.a in Frameworks */,
			);
			runOnlyForDeploymentPostprocessing = 0;
		};
		D411F26419A7839500EA2ECF /* Frameworks */ = {
			isa = PBXFrameworksBuildPhase;
			buildActionMask = 2147483647;
			files = (
				D411F26919A7839500EA2ECF /* XCTest.framework in Frameworks */,
				D411F26B19A7839500EA2ECF /* UIKit.framework in Frameworks */,
				D411F26A19A7839500EA2ECF /* Foundation.framework in Frameworks */,
				D9B8265D730E4D468D664C0E /* libPods-AquaModelTests.a in Frameworks */,
			);
			runOnlyForDeploymentPostprocessing = 0;
		};
/* End PBXFrameworksBuildPhase section */

/* Begin PBXGroup section */
		D411F23D19A7839500EA2ECF = {
			isa = PBXGroup;
			children = (
				D411F24F19A7839500EA2ECF /* AquaModel */,
				D411F26E19A7839500EA2ECF /* AquaModelTests */,
				D411F24819A7839500EA2ECF /* Frameworks */,
				D411F24719A7839500EA2ECF /* Products */,
				094F1833ECAD4FA1AD8F5901 /* Pods-AquaModel.xcconfig */,
				B6CC7F9070254E398E696F40 /* Pods-AquaModelTests.xcconfig */,
			);
			sourceTree = "<group>";
		};
		D411F24719A7839500EA2ECF /* Products */ = {
			isa = PBXGroup;
			children = (
				D411F24619A7839500EA2ECF /* AquaModel.app */,
				D411F26719A7839500EA2ECF /* AquaModelTests.xctest */,
			);
			name = Products;
			sourceTree = "<group>";
		};
		D411F24819A7839500EA2ECF /* Frameworks */ = {
			isa = PBXGroup;
			children = (
				D411F24919A7839500EA2ECF /* Foundation.framework */,
				D411F24B19A7839500EA2ECF /* CoreGraphics.framework */,
				D411F24D19A7839500EA2ECF /* UIKit.framework */,
				D411F26819A7839500EA2ECF /* XCTest.framework */,
				405A56BCC7DE4ACCBA3181E7 /* libPods-AquaModel.a */,
				480082D06E27491497B60057 /* libPods-AquaModelTests.a */,
			);
			name = Frameworks;
			sourceTree = "<group>";
		};
		D411F24F19A7839500EA2ECF /* AquaModel */ = {
			isa = PBXGroup;
			children = (
				D411F27E19A783B800EA2ECF /* Classes */,
				D411F25819A7839500EA2ECF /* AQMAppDelegate.h */,
				D411F25919A7839500EA2ECF /* AQMAppDelegate.m */,
				D411F25B19A7839500EA2ECF /* Main.storyboard */,
				D411F25E19A7839500EA2ECF /* AQMViewController.h */,
				D411F25F19A7839500EA2ECF /* AQMViewController.m */,
				D411F26119A7839500EA2ECF /* Images.xcassets */,
				D411F25019A7839500EA2ECF /* Supporting Files */,
			);
			path = AquaModel;
			sourceTree = "<group>";
		};
		D411F25019A7839500EA2ECF /* Supporting Files */ = {
			isa = PBXGroup;
			children = (
				D411F25119A7839500EA2ECF /* AquaModel-Info.plist */,
				D411F25219A7839500EA2ECF /* InfoPlist.strings */,
				D411F25519A7839500EA2ECF /* main.m */,
				D411F25719A7839500EA2ECF /* AquaModel-Prefix.pch */,
			);
			name = "Supporting Files";
			sourceTree = "<group>";
		};
		D411F26E19A7839500EA2ECF /* AquaModelTests */ = {
			isa = PBXGroup;
			children = (
				D411F27419A7839500EA2ECF /* AquaModelTests.m */,
				D411F26F19A7839500EA2ECF /* Supporting Files */,
			);
			path = AquaModelTests;
			sourceTree = "<group>";
		};
		D411F26F19A7839500EA2ECF /* Supporting Files */ = {
			isa = PBXGroup;
			children = (
				D411F27019A7839500EA2ECF /* AquaModelTests-Info.plist */,
				D411F27119A7839500EA2ECF /* InfoPlist.strings */,
			);
			name = "Supporting Files";
			sourceTree = "<group>";
		};
		D411F27E19A783B800EA2ECF /* Classes */ = {
			isa = PBXGroup;
			children = (
				D411F27F19A7848D00EA2ECF /* AQMModel.h */,
				D411F28019A7848D00EA2ECF /* AQMModel.m */,
				D411F28519A7944C00EA2ECF /* AQMValidator.h */,
				D411F28619A7944C00EA2ECF /* AQMValidator.m */,
				D411F28219A7878700EA2ECF /* AQMRequestable.h */,
				D411F28819A795CE00EA2ECF /* AQMValueValidator.h */,
				D411F28319A7921B00EA2ECF /* AQMValidatable.h */,
				D411F28419A792D100EA2ECF /* AQMCallbackable.h */,
			);
			path = Classes;
			sourceTree = "<group>";
		};
/* End PBXGroup section */

/* Begin PBXNativeTarget section */
		D411F24519A7839500EA2ECF /* AquaModel */ = {
			isa = PBXNativeTarget;
			buildConfigurationList = D411F27819A7839500EA2ECF /* Build configuration list for PBXNativeTarget "AquaModel" */;
			buildPhases = (
				AFB1FDFF6FBE406CA49E1CD1 /* Check Pods Manifest.lock */,
				D411F24219A7839500EA2ECF /* Sources */,
				D411F24319A7839500EA2ECF /* Frameworks */,
				D411F24419A7839500EA2ECF /* Resources */,
				112D3ED0309745CFA73E64D8 /* Copy Pods Resources */,
			);
			buildRules = (
			);
			dependencies = (
			);
			name = AquaModel;
			productName = AquaModel;
			productReference = D411F24619A7839500EA2ECF /* AquaModel.app */;
			productType = "com.apple.product-type.application";
		};
		D411F26619A7839500EA2ECF /* AquaModelTests */ = {
			isa = PBXNativeTarget;
			buildConfigurationList = D411F27B19A7839500EA2ECF /* Build configuration list for PBXNativeTarget "AquaModelTests" */;
			buildPhases = (
				9FBB41179451474997D38C68 /* Check Pods Manifest.lock */,
				D411F26319A7839500EA2ECF /* Sources */,
				D411F26419A7839500EA2ECF /* Frameworks */,
				D411F26519A7839500EA2ECF /* Resources */,
				2AD2E2D12D544629B8081299 /* Copy Pods Resources */,
			);
			buildRules = (
			);
			dependencies = (
				D411F26D19A7839500EA2ECF /* PBXTargetDependency */,
			);
			name = AquaModelTests;
			productName = AquaModelTests;
			productReference = D411F26719A7839500EA2ECF /* AquaModelTests.xctest */;
			productType = "com.apple.product-type.bundle.unit-test";
		};
/* End PBXNativeTarget section */

/* Begin PBXProject section */
		D411F23E19A7839500EA2ECF /* Project object */ = {
			isa = PBXProject;
			attributes = {
				CLASSPREFIX = AQM;
				LastUpgradeCheck = 0510;
				ORGANIZATIONNAME = Aquamarine;
				TargetAttributes = {
					D411F26619A7839500EA2ECF = {
						TestTargetID = D411F24519A7839500EA2ECF;
					};
				};
			};
			buildConfigurationList = D411F24119A7839500EA2ECF /* Build configuration list for PBXProject "AquaModel" */;
			compatibilityVersion = "Xcode 3.2";
			developmentRegion = English;
			hasScannedForEncodings = 0;
			knownRegions = (
				en,
				Base,
			);
			mainGroup = D411F23D19A7839500EA2ECF;
			productRefGroup = D411F24719A7839500EA2ECF /* Products */;
			projectDirPath = "";
			projectRoot = "";
			targets = (
				D411F24519A7839500EA2ECF /* AquaModel */,
				D411F26619A7839500EA2ECF /* AquaModelTests */,
			);
		};
/* End PBXProject section */

/* Begin PBXResourcesBuildPhase section */
		D411F24419A7839500EA2ECF /* Resources */ = {
			isa = PBXResourcesBuildPhase;
			buildActionMask = 2147483647;
			files = (
				D411F26219A7839500EA2ECF /* Images.xcassets in Resources */,
				D411F25419A7839500EA2ECF /* InfoPlist.strings in Resources */,
				D411F25D19A7839500EA2ECF /* Main.storyboard in Resources */,
			);
			runOnlyForDeploymentPostprocessing = 0;
		};
		D411F26519A7839500EA2ECF /* Resources */ = {
			isa = PBXResourcesBuildPhase;
			buildActionMask = 2147483647;
			files = (
				D411F27319A7839500EA2ECF /* InfoPlist.strings in Resources */,
			);
			runOnlyForDeploymentPostprocessing = 0;
		};
/* End PBXResourcesBuildPhase section */

/* Begin PBXShellScriptBuildPhase section */
		112D3ED0309745CFA73E64D8 /* Copy Pods Resources */ = {
			isa = PBXShellScriptBuildPhase;
			buildActionMask = 2147483647;
			files = (
			);
			inputPaths = (
			);
			name = "Copy Pods Resources";
			outputPaths = (
			);
			runOnlyForDeploymentPostprocessing = 0;
			shellPath = /bin/sh;
			shellScript = "\"${SRCROOT}/Pods/Pods-AquaModel-resources.sh\"\n";
			showEnvVarsInLog = 0;
		};
		2AD2E2D12D544629B8081299 /* Copy Pods Resources */ = {
			isa = PBXShellScriptBuildPhase;
			buildActionMask = 2147483647;
			files = (
			);
			inputPaths = (
			);
			name = "Copy Pods Resources";
			outputPaths = (
			);
			runOnlyForDeploymentPostprocessing = 0;
			shellPath = /bin/sh;
			shellScript = "\"${SRCROOT}/Pods/Pods-AquaModelTests-resources.sh\"\n";
			showEnvVarsInLog = 0;
		};
		9FBB41179451474997D38C68 /* Check Pods Manifest.lock */ = {
			isa = PBXShellScriptBuildPhase;
			buildActionMask = 2147483647;
			files = (
			);
			inputPaths = (
			);
			name = "Check Pods Manifest.lock";
			outputPaths = (
			);
			runOnlyForDeploymentPostprocessing = 0;
			shellPath = /bin/sh;
			shellScript = "diff \"${PODS_ROOT}/../Podfile.lock\" \"${PODS_ROOT}/Manifest.lock\" > /dev/null\nif [[ $? != 0 ]] ; then\n    cat << EOM\nerror: The sandbox is not in sync with the Podfile.lock. Run 'pod install' or update your CocoaPods installation.\nEOM\n    exit 1\nfi\n";
			showEnvVarsInLog = 0;
		};
		AFB1FDFF6FBE406CA49E1CD1 /* Check Pods Manifest.lock */ = {
			isa = PBXShellScriptBuildPhase;
			buildActionMask = 2147483647;
			files = (
			);
			inputPaths = (
			);
			name = "Check Pods Manifest.lock";
			outputPaths = (
			);
			runOnlyForDeploymentPostprocessing = 0;
			shellPath = /bin/sh;
			shellScript = "diff \"${PODS_ROOT}/../Podfile.lock\" \"${PODS_ROOT}/Manifest.lock\" > /dev/null\nif [[ $? != 0 ]] ; then\n    cat << EOM\nerror: The sandbox is not in sync with the Podfile.lock. Run 'pod install' or update your CocoaPods installation.\nEOM\n    exit 1\nfi\n";
			showEnvVarsInLog = 0;
		};
/* End PBXShellScriptBuildPhase section */

/* Begin PBXSourcesBuildPhase section */
		D411F24219A7839500EA2ECF /* Sources */ = {
			isa = PBXSourcesBuildPhase;
			buildActionMask = 2147483647;
			files = (
				D411F25A19A7839500EA2ECF /* AQMAppDelegate.m in Sources */,
				D411F28119A7848D00EA2ECF /* AQMModel.m in Sources */,
				D411F26019A7839500EA2ECF /* AQMViewController.m in Sources */,
				D411F25619A7839500EA2ECF /* main.m in Sources */,
				D411F28719A7944C00EA2ECF /* AQMValidator.m in Sources */,
			);
			runOnlyForDeploymentPostprocessing = 0;
		};
		D411F26319A7839500EA2ECF /* Sources */ = {
			isa = PBXSourcesBuildPhase;
			buildActionMask = 2147483647;
			files = (
				D411F27519A7839500EA2ECF /* AquaModelTests.m in Sources */,
			);
			runOnlyForDeploymentPostprocessing = 0;
		};
/* End PBXSourcesBuildPhase section */

/* Begin PBXTargetDependency section */
		D411F26D19A7839500EA2ECF /* PBXTargetDependency */ = {
			isa = PBXTargetDependency;
			target = D411F24519A7839500EA2ECF /* AquaModel */;
			targetProxy = D411F26C19A7839500EA2ECF /* PBXContainerItemProxy */;
		};
/* End PBXTargetDependency section */

/* Begin PBXVariantGroup section */
		D411F25219A7839500EA2ECF /* InfoPlist.strings */ = {
			isa = PBXVariantGroup;
			children = (
				D411F25319A7839500EA2ECF /* en */,
			);
			name = InfoPlist.strings;
			sourceTree = "<group>";
		};
		D411F25B19A7839500EA2ECF /* Main.storyboard */ = {
			isa = PBXVariantGroup;
			children = (
				D411F25C19A7839500EA2ECF /* Base */,
			);
			name = Main.storyboard;
			sourceTree = "<group>";
		};
		D411F27119A7839500EA2ECF /* InfoPlist.strings */ = {
			isa = PBXVariantGroup;
			children = (
				D411F27219A7839500EA2ECF /* en */,
			);
			name = InfoPlist.strings;
			sourceTree = "<group>";
		};
/* End PBXVariantGroup section */

/* Begin XCBuildConfiguration section */
		D411F27619A7839500EA2ECF /* Debug */ = {
			isa = XCBuildConfiguration;
			buildSettings = {
				ALWAYS_SEARCH_USER_PATHS = NO;
				CLANG_CXX_LANGUAGE_STANDARD = "gnu++0x";
				CLANG_CXX_LIBRARY = "libc++";
				CLANG_ENABLE_MODULES = YES;
				CLANG_ENABLE_OBJC_ARC = YES;
				CLANG_WARN_BOOL_CONVERSION = YES;
				CLANG_WARN_CONSTANT_CONVERSION = YES;
				CLANG_WARN_DIRECT_OBJC_ISA_USAGE = YES_ERROR;
				CLANG_WARN_EMPTY_BODY = YES;
				CLANG_WARN_ENUM_CONVERSION = YES;
				CLANG_WARN_INT_CONVERSION = YES;
				CLANG_WARN_OBJC_ROOT_CLASS = YES_ERROR;
				CLANG_WARN__DUPLICATE_METHOD_MATCH = YES;
				"CODE_SIGN_IDENTITY[sdk=iphoneos*]" = "iPhone Developer";
				COPY_PHASE_STRIP = NO;
				GCC_C_LANGUAGE_STANDARD = gnu99;
				GCC_DYNAMIC_NO_PIC = NO;
				GCC_OPTIMIZATION_LEVEL = 0;
				GCC_PREPROCESSOR_DEFINITIONS = (
					"DEBUG=1",
					"$(inherited)",
				);
				GCC_SYMBOLS_PRIVATE_EXTERN = NO;
				GCC_WARN_64_TO_32_BIT_CONVERSION = YES;
				GCC_WARN_ABOUT_RETURN_TYPE = YES_ERROR;
				GCC_WARN_UNDECLARED_SELECTOR = YES;
				GCC_WARN_UNINITIALIZED_AUTOS = YES_AGGRESSIVE;
				GCC_WARN_UNUSED_FUNCTION = YES;
				GCC_WARN_UNUSED_VARIABLE = YES;
				IPHONEOS_DEPLOYMENT_TARGET = 7.1;
				ONLY_ACTIVE_ARCH = YES;
				SDKROOT = iphoneos;
			};
			name = Debug;
		};
		D411F27719A7839500EA2ECF /* Release */ = {
			isa = XCBuildConfiguration;
			buildSettings = {
				ALWAYS_SEARCH_USER_PATHS = NO;
				CLANG_CXX_LANGUAGE_STANDARD = "gnu++0x";
				CLANG_CXX_LIBRARY = "libc++";
				CLANG_ENABLE_MODULES = YES;
				CLANG_ENABLE_OBJC_ARC = YES;
				CLANG_WARN_BOOL_CONVERSION = YES;
				CLANG_WARN_CONSTANT_CONVERSION = YES;
				CLANG_WARN_DIRECT_OBJC_ISA_USAGE = YES_ERROR;
				CLANG_WARN_EMPTY_BODY = YES;
				CLANG_WARN_ENUM_CONVERSION = YES;
				CLANG_WARN_INT_CONVERSION = YES;
				CLANG_WARN_OBJC_ROOT_CLASS = YES_ERROR;
				CLANG_WARN__DUPLICATE_METHOD_MATCH = YES;
				"CODE_SIGN_IDENTITY[sdk=iphoneos*]" = "iPhone Developer";
				COPY_PHASE_STRIP = YES;
				ENABLE_NS_ASSERTIONS = NO;
				GCC_C_LANGUAGE_STANDARD = gnu99;
				GCC_WARN_64_TO_32_BIT_CONVERSION = YES;
				GCC_WARN_ABOUT_RETURN_TYPE = YES_ERROR;
				GCC_WARN_UNDECLARED_SELECTOR = YES;
				GCC_WARN_UNINITIALIZED_AUTOS = YES_AGGRESSIVE;
				GCC_WARN_UNUSED_FUNCTION = YES;
				GCC_WARN_UNUSED_VARIABLE = YES;
				IPHONEOS_DEPLOYMENT_TARGET = 7.1;
				SDKROOT = iphoneos;
				VALIDATE_PRODUCT = YES;
			};
			name = Release;
		};
		D411F27919A7839500EA2ECF /* Debug */ = {
			isa = XCBuildConfiguration;
			baseConfigurationReference = 094F1833ECAD4FA1AD8F5901 /* Pods-AquaModel.xcconfig */;
			buildSettings = {
				ASSETCATALOG_COMPILER_APPICON_NAME = AppIcon;
				ASSETCATALOG_COMPILER_LAUNCHIMAGE_NAME = LaunchImage;
				GCC_PRECOMPILE_PREFIX_HEADER = YES;
				GCC_PREFIX_HEADER = "AquaModel/AquaModel-Prefix.pch";
				INFOPLIST_FILE = "AquaModel/AquaModel-Info.plist";
				PRODUCT_NAME = "$(TARGET_NAME)";
				WRAPPER_EXTENSION = app;
			};
			name = Debug;
		};
		D411F27A19A7839500EA2ECF /* Release */ = {
			isa = XCBuildConfiguration;
			baseConfigurationReference = 094F1833ECAD4FA1AD8F5901 /* Pods-AquaModel.xcconfig */;
			buildSettings = {
				ASSETCATALOG_COMPILER_APPICON_NAME = AppIcon;
				ASSETCATALOG_COMPILER_LAUNCHIMAGE_NAME = LaunchImage;
				GCC_PRECOMPILE_PREFIX_HEADER = YES;
				GCC_PREFIX_HEADER = "AquaModel/AquaModel-Prefix.pch";
				INFOPLIST_FILE = "AquaModel/AquaModel-Info.plist";
				PRODUCT_NAME = "$(TARGET_NAME)";
				WRAPPER_EXTENSION = app;
			};
			name = Release;
		};
		D411F27C19A7839500EA2ECF /* Debug */ = {
			isa = XCBuildConfiguration;
			baseConfigurationReference = B6CC7F9070254E398E696F40 /* Pods-AquaModelTests.xcconfig */;
			buildSettings = {
				BUNDLE_LOADER = "$(BUILT_PRODUCTS_DIR)/AquaModel.app/AquaModel";
				FRAMEWORK_SEARCH_PATHS = (
					"$(SDKROOT)/Developer/Library/Frameworks",
					"$(inherited)",
					"$(DEVELOPER_FRAMEWORKS_DIR)",
				);
				GCC_PRECOMPILE_PREFIX_HEADER = YES;
				GCC_PREFIX_HEADER = "AquaModel/AquaModel-Prefix.pch";
				GCC_PREPROCESSOR_DEFINITIONS = (
					"DEBUG=1",
					"$(inherited)",
				);
				INFOPLIST_FILE = "AquaModelTests/AquaModelTests-Info.plist";
				PRODUCT_NAME = "$(TARGET_NAME)";
				TEST_HOST = "$(BUNDLE_LOADER)";
				WRAPPER_EXTENSION = xctest;
			};
			name = Debug;
		};
		D411F27D19A7839500EA2ECF /* Release */ = {
			isa = XCBuildConfiguration;
			baseConfigurationReference = B6CC7F9070254E398E696F40 /* Pods-AquaModelTests.xcconfig */;
			buildSettings = {
				BUNDLE_LOADER = "$(BUILT_PRODUCTS_DIR)/AquaModel.app/AquaModel";
				FRAMEWORK_SEARCH_PATHS = (
					"$(SDKROOT)/Developer/Library/Frameworks",
					"$(inherited)",
					"$(DEVELOPER_FRAMEWORKS_DIR)",
				);
				GCC_PRECOMPILE_PREFIX_HEADER = YES;
				GCC_PREFIX_HEADER = "AquaModel/AquaModel-Prefix.pch";
				INFOPLIST_FILE = "AquaModelTests/AquaModelTests-Info.plist";
				PRODUCT_NAME = "$(TARGET_NAME)";
				TEST_HOST = "$(BUNDLE_LOADER)";
				WRAPPER_EXTENSION = xctest;
			};
			name = Release;
		};
/* End XCBuildConfiguration section */

/* Begin XCConfigurationList section */
		D411F24119A7839500EA2ECF /* Build configuration list for PBXProject "AquaModel" */ = {
			isa = XCConfigurationList;
			buildConfigurations = (
				D411F27619A7839500EA2ECF /* Debug */,
				D411F27719A7839500EA2ECF /* Release */,
			);
			defaultConfigurationIsVisible = 0;
			defaultConfigurationName = Release;
		};
		D411F27819A7839500EA2ECF /* Build configuration list for PBXNativeTarget "AquaModel" */ = {
			isa = XCConfigurationList;
			buildConfigurations = (
				D411F27919A7839500EA2ECF /* Debug */,
				D411F27A19A7839500EA2ECF /* Release */,
			);
			defaultConfigurationIsVisible = 0;
			defaultConfigurationName = Release;
		};
		D411F27B19A7839500EA2ECF /* Build configuration list for PBXNativeTarget "AquaModelTests" */ = {
			isa = XCConfigurationList;
			buildConfigurations = (
				D411F27C19A7839500EA2ECF /* Debug */,
				D411F27D19A7839500EA2ECF /* Release */,
			);
			defaultConfigurationIsVisible = 0;
			defaultConfigurationName = Release;
		};
/* End XCConfigurationList section */
	};
	rootObject = D411F23E19A7839500EA2ECF /* Project object */;
}
